// !$*UTF8*$!
{
	archiveVersion = 1;
	classes = {
	};
	objectVersion = 46;
	objects = {

/* Begin PBXBuildFile section */
		4C1A0A431378DD64009D78F0 /* UIKit.framework in Frameworks */ = {isa = PBXBuildFile; fileRef = 4C1A0A421378DD64009D78F0 /* UIKit.framework */; };
		4C1A0A451378DD64009D78F0 /* Foundation.framework in Frameworks */ = {isa = PBXBuildFile; fileRef = 4C1A0A441378DD64009D78F0 /* Foundation.framework */; };
		4C1A0A471378DD64009D78F0 /* CoreGraphics.framework in Frameworks */ = {isa = PBXBuildFile; fileRef = 4C1A0A461378DD64009D78F0 /* CoreGraphics.framework */; };
		4C1A0A4D1378DD64009D78F0 /* InfoPlist.strings in Resources */ = {isa = PBXBuildFile; fileRef = 4C1A0A4B1378DD64009D78F0 /* InfoPlist.strings */; };
		4C1A0A501378DD64009D78F0 /* main.m in Sources */ = {isa = PBXBuildFile; fileRef = 4C1A0A4F1378DD64009D78F0 /* main.m */; };
		4C1A0A5D1378DD64009D78F0 /* UIKit.framework in Frameworks */ = {isa = PBXBuildFile; fileRef = 4C1A0A421378DD64009D78F0 /* UIKit.framework */; };
		4C1A0A5E1378DD64009D78F0 /* Foundation.framework in Frameworks */ = {isa = PBXBuildFile; fileRef = 4C1A0A441378DD64009D78F0 /* Foundation.framework */; };
		4C1A0A5F1378DD64009D78F0 /* CoreGraphics.framework in Frameworks */ = {isa = PBXBuildFile; fileRef = 4C1A0A461378DD64009D78F0 /* CoreGraphics.framework */; };
		4C1A0A671378DD64009D78F0 /* InfoPlist.strings in Resources */ = {isa = PBXBuildFile; fileRef = 4C1A0A651378DD64009D78F0 /* InfoPlist.strings */; };
		4C1A0A8C1378DE75009D78F0 /* LKQueueEntryOperatorTests.m in Sources */ = {isa = PBXBuildFile; fileRef = 4C1A0A871378DE75009D78F0 /* LKQueueEntryOperatorTests.m */; };
		4C1A0A8E1378DE75009D78F0 /* LKQueueTests.m in Sources */ = {isa = PBXBuildFile; fileRef = 4C1A0A8B1378DE75009D78F0 /* LKQueueTests.m */; };
		4C1A0A931378DF1D009D78F0 /* LKQueueAppDelegate.m in Sources */ = {isa = PBXBuildFile; fileRef = 4C1A0A901378DF1D009D78F0 /* LKQueueAppDelegate.m */; };
		4C1A0A941378DF1D009D78F0 /* RootViewController.m in Sources */ = {isa = PBXBuildFile; fileRef = 4C1A0A921378DF1D009D78F0 /* RootViewController.m */; };
		4C1A0A961378DF3A009D78F0 /* MainWindow.xib in Resources */ = {isa = PBXBuildFile; fileRef = 4C1A0A951378DF3A009D78F0 /* MainWindow.xib */; };
		4C1A0A9A1378E094009D78F0 /* RootViewController.xib in Resources */ = {isa = PBXBuildFile; fileRef = 4C1A0A991378E094009D78F0 /* RootViewController.xib */; };
		4C27FD7413DFB06E00192E67 /* LKQueueManager.m in Sources */ = {isa = PBXBuildFile; fileRef = 4C27FD7313DFB06E00192E67 /* LKQueueManager.m */; };
		4C27FD7513DFB06E00192E67 /* LKQueueManager.m in Sources */ = {isa = PBXBuildFile; fileRef = 4C27FD7313DFB06E00192E67 /* LKQueueManager.m */; };
		4C27FD7D13DFDFB300192E67 /* LKQueueManagerTests.m in Sources */ = {isa = PBXBuildFile; fileRef = 4C27FD7C13DFDFB300192E67 /* LKQueueManagerTests.m */; };
		4C6F06801378E35E0046B177 /* LKQueue.m in Sources */ = {isa = PBXBuildFile; fileRef = 4C6F067B1378E35E0046B177 /* LKQueue.m */; };
		4C6F06811378E35E0046B177 /* LKQueue.m in Sources */ = {isa = PBXBuildFile; fileRef = 4C6F067B1378E35E0046B177 /* LKQueue.m */; };
		4C6F06821378E35E0046B177 /* LKQueueEntry.m in Sources */ = {isa = PBXBuildFile; fileRef = 4C6F067D1378E35E0046B177 /* LKQueueEntry.m */; };
		4C6F06831378E35E0046B177 /* LKQueueEntry.m in Sources */ = {isa = PBXBuildFile; fileRef = 4C6F067D1378E35E0046B177 /* LKQueueEntry.m */; };
		4C6F06841378E35E0046B177 /* LKQueueEntryOperator.m in Sources */ = {isa = PBXBuildFile; fileRef = 4C6F067F1378E35E0046B177 /* LKQueueEntryOperator.m */; };
		4C6F06851378E35E0046B177 /* LKQueueEntryOperator.m in Sources */ = {isa = PBXBuildFile; fileRef = 4C6F067F1378E35E0046B177 /* LKQueueEntryOperator.m */; };
		BC0E4F2518D6688800A3199C /* Default-568h@2x.png in Resources */ = {isa = PBXBuildFile; fileRef = BC0E4F2418D6688800A3199C /* Default-568h@2x.png */; };
		BC0E4F2818D66A2600A3199C /* LKQueue.podspec in Resources */ = {isa = PBXBuildFile; fileRef = BC0E4F2718D66A2600A3199C /* LKQueue.podspec */; };
/* End PBXBuildFile section */

/* Begin PBXContainerItemProxy section */
		4C1A0A601378DD64009D78F0 /* PBXContainerItemProxy */ = {
			isa = PBXContainerItemProxy;
			containerPortal = 4C1A0A351378DD63009D78F0 /* Project object */;
			proxyType = 1;
			remoteGlobalIDString = 4C1A0A3D1378DD64009D78F0;
			remoteInfo = LKQueue;
		};
/* End PBXContainerItemProxy section */

/* Begin PBXFileReference section */
		4C1A0A3E1378DD64009D78F0 /* LKQueue.app */ = {isa = PBXFileReference; explicitFileType = wrapper.application; includeInIndex = 0; path = LKQueue.app; sourceTree = BUILT_PRODUCTS_DIR; };
		4C1A0A421378DD64009D78F0 /* UIKit.framework */ = {isa = PBXFileReference; lastKnownFileType = wrapper.framework; name = UIKit.framework; path = System/Library/Frameworks/UIKit.framework; sourceTree = SDKROOT; };
		4C1A0A441378DD64009D78F0 /* Foundation.framework */ = {isa = PBXFileReference; lastKnownFileType = wrapper.framework; name = Foundation.framework; path = System/Library/Frameworks/Foundation.framework; sourceTree = SDKROOT; };
		4C1A0A461378DD64009D78F0 /* CoreGraphics.framework */ = {isa = PBXFileReference; lastKnownFileType = wrapper.framework; name = CoreGraphics.framework; path = System/Library/Frameworks/CoreGraphics.framework; sourceTree = SDKROOT; };
		4C1A0A4A1378DD64009D78F0 /* LKQueue-Info.plist */ = {isa = PBXFileReference; lastKnownFileType = text.plist.xml; path = "LKQueue-Info.plist"; sourceTree = "<group>"; };
		4C1A0A4C1378DD64009D78F0 /* en */ = {isa = PBXFileReference; lastKnownFileType = text.plist.strings; name = en; path = en.lproj/InfoPlist.strings; sourceTree = "<group>"; };
		4C1A0A4E1378DD64009D78F0 /* LKQueue-Prefix.pch */ = {isa = PBXFileReference; lastKnownFileType = sourcecode.c.h; path = "LKQueue-Prefix.pch"; sourceTree = "<group>"; };
		4C1A0A4F1378DD64009D78F0 /* main.m */ = {isa = PBXFileReference; lastKnownFileType = sourcecode.c.objc; path = main.m; sourceTree = "<group>"; };
		4C1A0A5C1378DD64009D78F0 /* LKQueueTests.octest */ = {isa = PBXFileReference; explicitFileType = wrapper.cfbundle; includeInIndex = 0; path = LKQueueTests.octest; sourceTree = BUILT_PRODUCTS_DIR; };
		4C1A0A641378DD64009D78F0 /* LKQueueTests-Info.plist */ = {isa = PBXFileReference; lastKnownFileType = text.plist.xml; path = "LKQueueTests-Info.plist"; sourceTree = "<group>"; };
		4C1A0A661378DD64009D78F0 /* en */ = {isa = PBXFileReference; lastKnownFileType = text.plist.strings; name = en; path = en.lproj/InfoPlist.strings; sourceTree = "<group>"; };
		4C1A0A681378DD64009D78F0 /* LKQueueTests-Prefix.pch */ = {isa = PBXFileReference; lastKnownFileType = sourcecode.c.h; path = "LKQueueTests-Prefix.pch"; sourceTree = "<group>"; };
		4C1A0A861378DE75009D78F0 /* LKQueueEntryOperatorTests.h */ = {isa = PBXFileReference; fileEncoding = 4; lastKnownFileType = sourcecode.c.h; path = LKQueueEntryOperatorTests.h; sourceTree = "<group>"; };
		4C1A0A871378DE75009D78F0 /* LKQueueEntryOperatorTests.m */ = {isa = PBXFileReference; fileEncoding = 4; lastKnownFileType = sourcecode.c.objc; path = LKQueueEntryOperatorTests.m; sourceTree = "<group>"; };
		4C1A0A8A1378DE75009D78F0 /* LKQueueTests.h */ = {isa = PBXFileReference; fileEncoding = 4; lastKnownFileType = sourcecode.c.h; path = LKQueueTests.h; sourceTree = "<group>"; };
		4C1A0A8B1378DE75009D78F0 /* LKQueueTests.m */ = {isa = PBXFileReference; fileEncoding = 4; lastKnownFileType = sourcecode.c.objc; path = LKQueueTests.m; sourceTree = "<group>"; };
		4C1A0A8F1378DF1D009D78F0 /* LKQueueAppDelegate.h */ = {isa = PBXFileReference; fileEncoding = 4; lastKnownFileType = sourcecode.c.h; path = LKQueueAppDelegate.h; sourceTree = "<group>"; };
		4C1A0A901378DF1D009D78F0 /* LKQueueAppDelegate.m */ = {isa = PBXFileReference; fileEncoding = 4; lastKnownFileType = sourcecode.c.objc; path = LKQueueAppDelegate.m; sourceTree = "<group>"; };
		4C1A0A911378DF1D009D78F0 /* RootViewController.h */ = {isa = PBXFileReference; fileEncoding = 4; lastKnownFileType = sourcecode.c.h; path = RootViewController.h; sourceTree = "<group>"; };
		4C1A0A921378DF1D009D78F0 /* RootViewController.m */ = {isa = PBXFileReference; fileEncoding = 4; lastKnownFileType = sourcecode.c.objc; path = RootViewController.m; sourceTree = "<group>"; };
		4C1A0A951378DF3A009D78F0 /* MainWindow.xib */ = {isa = PBXFileReference; fileEncoding = 4; lastKnownFileType = file.xib; path = MainWindow.xib; sourceTree = "<group>"; };
		4C1A0A991378E094009D78F0 /* RootViewController.xib */ = {isa = PBXFileReference; fileEncoding = 4; lastKnownFileType = file.xib; path = RootViewController.xib; sourceTree = "<group>"; };
		4C27FD7213DFB06E00192E67 /* LKQueueManager.h */ = {isa = PBXFileReference; fileEncoding = 4; lastKnownFileType = sourcecode.c.h; path = LKQueueManager.h; sourceTree = "<group>"; };
		4C27FD7313DFB06E00192E67 /* LKQueueManager.m */ = {isa = PBXFileReference; fileEncoding = 4; lastKnownFileType = sourcecode.c.objc; path = LKQueueManager.m; sourceTree = "<group>"; };
		4C27FD7B13DFDFB300192E67 /* LKQueueManagerTests.h */ = {isa = PBXFileReference; fileEncoding = 4; lastKnownFileType = sourcecode.c.h; path = LKQueueManagerTests.h; sourceTree = "<group>"; };
		4C27FD7C13DFDFB300192E67 /* LKQueueManagerTests.m */ = {isa = PBXFileReference; fileEncoding = 4; lastKnownFileType = sourcecode.c.objc; path = LKQueueManagerTests.m; sourceTree = "<group>"; };
		4C6F067A1378E35E0046B177 /* LKQueue.h */ = {isa = PBXFileReference; fileEncoding = 4; lastKnownFileType = sourcecode.c.h; path = LKQueue.h; sourceTree = "<group>"; };
		4C6F067B1378E35E0046B177 /* LKQueue.m */ = {isa = PBXFileReference; fileEncoding = 4; lastKnownFileType = sourcecode.c.objc; path = LKQueue.m; sourceTree = "<group>"; };
		4C6F067C1378E35E0046B177 /* LKQueueEntry.h */ = {isa = PBXFileReference; fileEncoding = 4; lastKnownFileType = sourcecode.c.h; path = LKQueueEntry.h; sourceTree = "<group>"; };
		4C6F067D1378E35E0046B177 /* LKQueueEntry.m */ = {isa = PBXFileReference; fileEncoding = 4; lastKnownFileType = sourcecode.c.objc; path = LKQueueEntry.m; sourceTree = "<group>"; };
		4C6F067E1378E35E0046B177 /* LKQueueEntryOperator.h */ = {isa = PBXFileReference; fileEncoding = 4; lastKnownFileType = sourcecode.c.h; path = LKQueueEntryOperator.h; sourceTree = "<group>"; };
		4C6F067F1378E35E0046B177 /* LKQueueEntryOperator.m */ = {isa = PBXFileReference; fileEncoding = 4; lastKnownFileType = sourcecode.c.objc; path = LKQueueEntryOperator.m; sourceTree = "<group>"; };
		BC0E4F2418D6688800A3199C /* Default-568h@2x.png */ = {isa = PBXFileReference; lastKnownFileType = image.png; path = "Default-568h@2x.png"; sourceTree = "<group>"; };
		BC0E4F2718D66A2600A3199C /* LKQueue.podspec */ = {isa = PBXFileReference; fileEncoding = 4; lastKnownFileType = text; path = LKQueue.podspec; sourceTree = "<group>"; };
/* End PBXFileReference section */

/* Begin PBXFrameworksBuildPhase section */
		4C1A0A3B1378DD64009D78F0 /* Frameworks */ = {
			isa = PBXFrameworksBuildPhase;
			buildActionMask = 2147483647;
			files = (
				4C1A0A431378DD64009D78F0 /* UIKit.framework in Frameworks */,
				4C1A0A451378DD64009D78F0 /* Foundation.framework in Frameworks */,
				4C1A0A471378DD64009D78F0 /* CoreGraphics.framework in Frameworks */,
			);
			runOnlyForDeploymentPostprocessing = 0;
		};
		4C1A0A581378DD64009D78F0 /* Frameworks */ = {
			isa = PBXFrameworksBuildPhase;
			buildActionMask = 2147483647;
			files = (
				4C1A0A5D1378DD64009D78F0 /* UIKit.framework in Frameworks */,
				4C1A0A5E1378DD64009D78F0 /* Foundation.framework in Frameworks */,
				4C1A0A5F1378DD64009D78F0 /* CoreGraphics.framework in Frameworks */,
			);
			runOnlyForDeploymentPostprocessing = 0;
		};
/* End PBXFrameworksBuildPhase section */

/* Begin PBXGroup section */
		4C1A0A331378DD63009D78F0 = {
			isa = PBXGroup;
			children = (
				BC0E4F2418D6688800A3199C /* Default-568h@2x.png */,
				BC0E4F2618D66A0F00A3199C /* CocoaPods */,
				4C6F06781378E33B0046B177 /* Classes */,
				4C1A0A481378DD64009D78F0 /* Examples */,
				4C1A0A621378DD64009D78F0 /* Tests */,
				4C1A0A411378DD64009D78F0 /* Frameworks */,
				4C1A0A3F1378DD64009D78F0 /* Products */,
			);
			sourceTree = "<group>";
		};
		4C1A0A3F1378DD64009D78F0 /* Products */ = {
			isa = PBXGroup;
			children = (
				4C1A0A3E1378DD64009D78F0 /* LKQueue.app */,
				4C1A0A5C1378DD64009D78F0 /* LKQueueTests.octest */,
			);
			name = Products;
			sourceTree = "<group>";
		};
		4C1A0A411378DD64009D78F0 /* Frameworks */ = {
			isa = PBXGroup;
			children = (
				4C1A0A421378DD64009D78F0 /* UIKit.framework */,
				4C1A0A441378DD64009D78F0 /* Foundation.framework */,
				4C1A0A461378DD64009D78F0 /* CoreGraphics.framework */,
			);
			name = Frameworks;
			sourceTree = "<group>";
		};
		4C1A0A481378DD64009D78F0 /* Examples */ = {
			isa = PBXGroup;
			children = (
				4C1A0A8F1378DF1D009D78F0 /* LKQueueAppDelegate.h */,
				4C1A0A901378DF1D009D78F0 /* LKQueueAppDelegate.m */,
				4C1A0A911378DF1D009D78F0 /* RootViewController.h */,
				4C1A0A921378DF1D009D78F0 /* RootViewController.m */,
				4C1A0A491378DD64009D78F0 /* Supporting Files */,
			);
			path = Examples;
			sourceTree = "<group>";
		};
		4C1A0A491378DD64009D78F0 /* Supporting Files */ = {
			isa = PBXGroup;
			children = (
				4C1A0A951378DF3A009D78F0 /* MainWindow.xib */,
				4C1A0A991378E094009D78F0 /* RootViewController.xib */,
				4C1A0A4A1378DD64009D78F0 /* LKQueue-Info.plist */,
				4C1A0A4B1378DD64009D78F0 /* InfoPlist.strings */,
				4C1A0A4E1378DD64009D78F0 /* LKQueue-Prefix.pch */,
				4C1A0A4F1378DD64009D78F0 /* main.m */,
			);
			name = "Supporting Files";
			sourceTree = "<group>";
		};
		4C1A0A621378DD64009D78F0 /* Tests */ = {
			isa = PBXGroup;
			children = (
				4C1A0A861378DE75009D78F0 /* LKQueueEntryOperatorTests.h */,
				4C1A0A871378DE75009D78F0 /* LKQueueEntryOperatorTests.m */,
				4C1A0A8A1378DE75009D78F0 /* LKQueueTests.h */,
				4C1A0A8B1378DE75009D78F0 /* LKQueueTests.m */,
				4C27FD7B13DFDFB300192E67 /* LKQueueManagerTests.h */,
				4C27FD7C13DFDFB300192E67 /* LKQueueManagerTests.m */,
				4C1A0A631378DD64009D78F0 /* Supporting Files */,
			);
			path = Tests;
			sourceTree = "<group>";
		};
		4C1A0A631378DD64009D78F0 /* Supporting Files */ = {
			isa = PBXGroup;
			children = (
				4C1A0A641378DD64009D78F0 /* LKQueueTests-Info.plist */,
				4C1A0A651378DD64009D78F0 /* InfoPlist.strings */,
				4C1A0A681378DD64009D78F0 /* LKQueueTests-Prefix.pch */,
			);
			name = "Supporting Files";
			sourceTree = "<group>";
		};
		4C6F06781378E33B0046B177 /* Classes */ = {
			isa = PBXGroup;
			children = (
				4C27FD7213DFB06E00192E67 /* LKQueueManager.h */,
				4C27FD7313DFB06E00192E67 /* LKQueueManager.m */,
				4C6F067A1378E35E0046B177 /* LKQueue.h */,
				4C6F067B1378E35E0046B177 /* LKQueue.m */,
				4C6F067C1378E35E0046B177 /* LKQueueEntry.h */,
				4C6F067D1378E35E0046B177 /* LKQueueEntry.m */,
				4C6F067E1378E35E0046B177 /* LKQueueEntryOperator.h */,
				4C6F067F1378E35E0046B177 /* LKQueueEntryOperator.m */,
			);
			path = Classes;
			sourceTree = "<group>";
		};
		BC0E4F2618D66A0F00A3199C /* CocoaPods */ = {
			isa = PBXGroup;
			children = (
				BC0E4F2718D66A2600A3199C /* LKQueue.podspec */,
			);
			name = CocoaPods;
			sourceTree = "<group>";
		};
/* End PBXGroup section */

/* Begin PBXNativeTarget section */
		4C1A0A3D1378DD64009D78F0 /* LKQueue */ = {
			isa = PBXNativeTarget;
			buildConfigurationList = 4C1A0A6F1378DD64009D78F0 /* Build configuration list for PBXNativeTarget "LKQueue" */;
			buildPhases = (
				4C1A0A3A1378DD64009D78F0 /* Sources */,
				4C1A0A3B1378DD64009D78F0 /* Frameworks */,
				4C1A0A3C1378DD64009D78F0 /* Resources */,
			);
			buildRules = (
			);
			dependencies = (
			);
			name = LKQueue;
			productName = LKQueue;
			productReference = 4C1A0A3E1378DD64009D78F0 /* LKQueue.app */;
			productType = "com.apple.product-type.application";
		};
		4C1A0A5B1378DD64009D78F0 /* LKQueueTests */ = {
			isa = PBXNativeTarget;
			buildConfigurationList = 4C1A0A721378DD64009D78F0 /* Build configuration list for PBXNativeTarget "LKQueueTests" */;
			buildPhases = (
				4C1A0A571378DD64009D78F0 /* Sources */,
				4C1A0A581378DD64009D78F0 /* Frameworks */,
				4C1A0A591378DD64009D78F0 /* Resources */,
				4C1A0A5A1378DD64009D78F0 /* ShellScript */,
			);
			buildRules = (
			);
			dependencies = (
				4C1A0A611378DD64009D78F0 /* PBXTargetDependency */,
			);
			name = LKQueueTests;
			productName = LKQueueTests;
			productReference = 4C1A0A5C1378DD64009D78F0 /* LKQueueTests.octest */;
			productType = "com.apple.product-type.bundle";
		};
/* End PBXNativeTarget section */

/* Begin PBXProject section */
		4C1A0A351378DD63009D78F0 /* Project object */ = {
			isa = PBXProject;
			attributes = {
				LastUpgradeCheck = 0510;
			};
			buildConfigurationList = 4C1A0A381378DD63009D78F0 /* Build configuration list for PBXProject "LKQueue" */;
			compatibilityVersion = "Xcode 3.2";
			developmentRegion = English;
			hasScannedForEncodings = 0;
			knownRegions = (
				en,
			);
			mainGroup = 4C1A0A331378DD63009D78F0;
			productRefGroup = 4C1A0A3F1378DD64009D78F0 /* Products */;
			projectDirPath = "";
			projectRoot = "";
			targets = (
				4C1A0A3D1378DD64009D78F0 /* LKQueue */,
				4C1A0A5B1378DD64009D78F0 /* LKQueueTests */,
			);
		};
/* End PBXProject section */

/* Begin PBXResourcesBuildPhase section */
		4C1A0A3C1378DD64009D78F0 /* Resources */ = {
			isa = PBXResourcesBuildPhase;
			buildActionMask = 2147483647;
			files = (
				4C1A0A4D1378DD64009D78F0 /* InfoPlist.strings in Resources */,
				BC0E4F2518D6688800A3199C /* Default-568h@2x.png in Resources */,
				BC0E4F2818D66A2600A3199C /* LKQueue.podspec in Resources */,
				4C1A0A961378DF3A009D78F0 /* MainWindow.xib in Resources */,
				4C1A0A9A1378E094009D78F0 /* RootViewController.xib in Resources */,
			);
			runOnlyForDeploymentPostprocessing = 0;
		};
		4C1A0A591378DD64009D78F0 /* Resources */ = {
			isa = PBXResourcesBuildPhase;
			buildActionMask = 2147483647;
			files = (
				4C1A0A671378DD64009D78F0 /* InfoPlist.strings in Resources */,
			);
			runOnlyForDeploymentPostprocessing = 0;
		};
/* End PBXResourcesBuildPhase section */

/* Begin PBXShellScriptBuildPhase section */
		4C1A0A5A1378DD64009D78F0 /* ShellScript */ = {
			isa = PBXShellScriptBuildPhase;
			buildActionMask = 2147483647;
			files = (
			);
			inputPaths = (
			);
			outputPaths = (
			);
			runOnlyForDeploymentPostprocessing = 0;
			shellPath = /bin/sh;
			shellScript = "# Run the unit tests in this test bundle.\n\"${SYSTEM_DEVELOPER_DIR}/Tools/RunUnitTests\"\n";
		};
/* End PBXShellScriptBuildPhase section */

/* Begin PBXSourcesBuildPhase section */
		4C1A0A3A1378DD64009D78F0 /* Sources */ = {
			isa = PBXSourcesBuildPhase;
			buildActionMask = 2147483647;
			files = (
				4C1A0A501378DD64009D78F0 /* main.m in Sources */,
				4C1A0A931378DF1D009D78F0 /* LKQueueAppDelegate.m in Sources */,
				4C1A0A941378DF1D009D78F0 /* RootViewController.m in Sources */,
				4C6F06801378E35E0046B177 /* LKQueue.m in Sources */,
				4C6F06821378E35E0046B177 /* LKQueueEntry.m in Sources */,
				4C6F06841378E35E0046B177 /* LKQueueEntryOperator.m in Sources */,
				4C27FD7413DFB06E00192E67 /* LKQueueManager.m in Sources */,
			);
			runOnlyForDeploymentPostprocessing = 0;
		};
		4C1A0A571378DD64009D78F0 /* Sources */ = {
			isa = PBXSourcesBuildPhase;
			buildActionMask = 2147483647;
			files = (
				4C1A0A8C1378DE75009D78F0 /* LKQueueEntryOperatorTests.m in Sources */,
				4C1A0A8E1378DE75009D78F0 /* LKQueueTests.m in Sources */,
				4C6F06811378E35E0046B177 /* LKQueue.m in Sources */,
				4C6F06831378E35E0046B177 /* LKQueueEntry.m in Sources */,
				4C6F06851378E35E0046B177 /* LKQueueEntryOperator.m in Sources */,
				4C27FD7513DFB06E00192E67 /* LKQueueManager.m in Sources */,
				4C27FD7D13DFDFB300192E67 /* LKQueueManagerTests.m in Sources */,
			);
			runOnlyForDeploymentPostprocessing = 0;
		};
/* End PBXSourcesBuildPhase section */

/* Begin PBXTargetDependency section */
		4C1A0A611378DD64009D78F0 /* PBXTargetDependency */ = {
			isa = PBXTargetDependency;
			target = 4C1A0A3D1378DD64009D78F0 /* LKQueue */;
			targetProxy = 4C1A0A601378DD64009D78F0 /* PBXContainerItemProxy */;
		};
/* End PBXTargetDependency section */

/* Begin PBXVariantGroup section */
		4C1A0A4B1378DD64009D78F0 /* InfoPlist.strings */ = {
			isa = PBXVariantGroup;
			children = (
				4C1A0A4C1378DD64009D78F0 /* en */,
			);
			name = InfoPlist.strings;
			sourceTree = "<group>";
		};
		4C1A0A651378DD64009D78F0 /* InfoPlist.strings */ = {
			isa = PBXVariantGroup;
			children = (
				4C1A0A661378DD64009D78F0 /* en */,
			);
			name = InfoPlist.strings;
			sourceTree = "<group>";
		};
/* End PBXVariantGroup section */

/* Begin XCBuildConfiguration section */
		4C1A0A6D1378DD64009D78F0 /* Debug */ = {
			isa = XCBuildConfiguration;
			buildSettings = {
				"CODE_SIGN_IDENTITY[sdk=iphoneos*]" = "iPhone Developer";
				GCC_C_LANGUAGE_STANDARD = gnu99;
				GCC_OPTIMIZATION_LEVEL = 0;
				GCC_PREPROCESSOR_DEFINITIONS = DEBUG;
				GCC_SYMBOLS_PRIVATE_EXTERN = NO;
				GCC_VERSION = com.apple.compilers.llvmgcc42;
				GCC_WARN_ABOUT_RETURN_TYPE = YES;
				GCC_WARN_UNUSED_VARIABLE = YES;
				IPHONEOS_DEPLOYMENT_TARGET = 4.3;
				ONLY_ACTIVE_ARCH = YES;
				SDKROOT = iphoneos;
			};
			name = Debug;
		};
		4C1A0A6E1378DD64009D78F0 /* Release */ = {
			isa = XCBuildConfiguration;
			buildSettings = {
				"CODE_SIGN_IDENTITY[sdk=iphoneos*]" = "iPhone Developer";
				GCC_C_LANGUAGE_STANDARD = gnu99;
				GCC_VERSION = com.apple.compilers.llvmgcc42;
				GCC_WARN_ABOUT_RETURN_TYPE = YES;
				GCC_WARN_UNUSED_VARIABLE = YES;
				IPHONEOS_DEPLOYMENT_TARGET = 4.3;
				OTHER_CFLAGS = "-DNS_BLOCK_ASSERTIONS=1";
				SDKROOT = iphoneos;
			};
			name = Release;
		};
		4C1A0A701378DD64009D78F0 /* Debug */ = {
			isa = XCBuildConfiguration;
			buildSettings = {
				ALWAYS_SEARCH_USER_PATHS = NO;
				CLANG_ENABLE_OBJC_ARC = YES;
				COPY_PHASE_STRIP = NO;
				GCC_DYNAMIC_NO_PIC = NO;
				GCC_PRECOMPILE_PREFIX_HEADER = YES;
				GCC_PREFIX_HEADER = "Examples/LKQueue-Prefix.pch";
				GCC_VERSION = com.apple.compilers.llvm.clang.1_0;
				INFOPLIST_FILE = "Examples/LKQueue-Info.plist";
				PRODUCT_NAME = "$(TARGET_NAME)";
				WRAPPER_EXTENSION = app;
			};
			name = Debug;
		};
		4C1A0A711378DD64009D78F0 /* Release */ = {
			isa = XCBuildConfiguration;
			buildSettings = {
				ALWAYS_SEARCH_USER_PATHS = NO;
				CLANG_ENABLE_OBJC_ARC = YES;
				COPY_PHASE_STRIP = YES;
				GCC_PRECOMPILE_PREFIX_HEADER = YES;
				GCC_PREFIX_HEADER = "Examples/LKQueue-Prefix.pch";
				GCC_VERSION = com.apple.compilers.llvm.clang.1_0;
				INFOPLIST_FILE = "Examples/LKQueue-Info.plist";
				PRODUCT_NAME = "$(TARGET_NAME)";
				VALIDATE_PRODUCT = YES;
				WRAPPER_EXTENSION = app;
			};
			name = Release;
		};
		4C1A0A731378DD64009D78F0 /* Debug */ = {
			isa = XCBuildConfiguration;
			buildSettings = {
				ALWAYS_SEARCH_USER_PATHS = NO;
				BUNDLE_LOADER = "$(BUILT_PRODUCTS_DIR)/LKQueue.app/LKQueue";
				CLANG_ENABLE_OBJC_ARC = YES;
				FRAMEWORK_SEARCH_PATHS = (
					"$(SDKROOT)/Developer/Library/Frameworks",
					"$(DEVELOPER_LIBRARY_DIR)/Frameworks",
				);
				GCC_PRECOMPILE_PREFIX_HEADER = YES;
				GCC_PREFIX_HEADER = "Tests/LKQueueTests-Prefix.pch";
				GCC_VERSION = com.apple.compilers.llvm.clang.1_0;
				INFOPLIST_FILE = "Tests/LKQueueTests-Info.plist";
				OTHER_LDFLAGS = (
					"-framework",
					SenTestingKit,
				);
				PRODUCT_NAME = "$(TARGET_NAME)";
				TEST_HOST = "$(BUNDLE_LOADER)";
				WRAPPER_EXTENSION = octest;
			};
			name = Debug;
		};
		4C1A0A741378DD64009D78F0 /* Release */ = {
			isa = XCBuildConfiguration;
			buildSettings = {
				ALWAYS_SEARCH_USER_PATHS = NO;
				BUNDLE_LOADER = "$(BUILT_PRODUCTS_DIR)/LKQueue.app/LKQueue";
				CLANG_ENABLE_OBJC_ARC = YES;
				FRAMEWORK_SEARCH_PATHS = (
					"$(SDKROOT)/Developer/Library/Frameworks",
					"$(DEVELOPER_LIBRARY_DIR)/Frameworks",
				);
				GCC_PRECOMPILE_PREFIX_HEADER = YES;
				GCC_PREFIX_HEADER = "Tests/LKQueueTests-Prefix.pch";
				GCC_VERSION = com.apple.compilers.llvm.clang.1_0;
				INFOPLIST_FILE = "Tests/LKQueueTests-Info.plist";
				OTHER_LDFLAGS = (
					"-framework",
					SenTestingKit,
				);
				PRODUCT_NAME = "$(TARGET_NAME)";
				TEST_HOST = "$(BUNDLE_LOADER)";
				WRAPPER_EXTENSION = octest;
			};
			name = Release;
		};
/* End XCBuildConfiguration section */

/* Begin XCConfigurationList section */
		4C1A0A381378DD63009D78F0 /* Build configuration list for PBXProject "LKQueue" */ = {
			isa = XCConfigurationList;
			buildConfigurations = (
				4C1A0A6D1378DD64009D78F0 /* Debug */,
				4C1A0A6E1378DD64009D78F0 /* Release */,
			);
			defaultConfigurationIsVisible = 0;
			defaultConfigurationName = Release;
		};
		4C1A0A6F1378DD64009D78F0 /* Build configuration list for PBXNativeTarget "LKQueue" */ = {
			isa = XCConfigurationList;
			buildConfigurations = (
				4C1A0A701378DD64009D78F0 /* Debug */,
				4C1A0A711378DD64009D78F0 /* Release */,
			);
			defaultConfigurationIsVisible = 0;
			defaultConfigurationName = Release;
		};
		4C1A0A721378DD64009D78F0 /* Build configuration list for PBXNativeTarget "LKQueueTests" */ = {
			isa = XCConfigurationList;
			buildConfigurations = (
				4C1A0A731378DD64009D78F0 /* Debug */,
				4C1A0A741378DD64009D78F0 /* Release */,
			);
			defaultConfigurationIsVisible = 0;
			defaultConfigurationName = Release;
		};
/* End XCConfigurationList section */
	};
	rootObject = 4C1A0A351378DD63009D78F0 /* Project object */;
}
